
Microsoft Visual Studio Solution File, Format Version 12.00
# Visual Studio 14
VisualStudioVersion = 14.0.25420.1
MinimumVisualStudioVersion = 10.0.40219.1
Project("{2150E333-8FDC-42A3-9474-1A3956D46DE8}") = "Server", "Server", "{0D96988D-EC84-42EA-BAEA-6CBDC2402C16}"
EndProject
Project("{2150E333-8FDC-42A3-9474-1A3956D46DE8}") = "WindowsClients", "WindowsClients", "{EF100C9F-4E84-401F-90A1-F382D764EC61}"
EndProject
Project("{FAE04EC0-301F-11D3-BF4B-00C04F79EFBC}") = "Server.DataAccess", "Server.DataAccess\Server.DataAccess.csproj", "{591D93CA-20E6-4900-8DC8-8618A73AD708}"
EndProject
Project("{2150E333-8FDC-42A3-9474-1A3956D46DE8}") = "Shared", "Shared", "{3AC530C4-9CEA-400F-AB85-364B6DD21D6F}"
EndProject
Project("{FAE04EC0-301F-11D3-BF4B-00C04F79EFBC}") = "Shared.Entities", "Shared.Entities\Shared.Entities.csproj", "{E514402A-DD68-4A4F-91E2-FE141F110B07}"
EndProject
Project("{2150E333-8FDC-42A3-9474-1A3956D46DE8}") = "Tests", "Tests", "{95FF1468-9D3C-4E10-A713-B495B4797D18}"
EndProject
Project("{FAE04EC0-301F-11D3-BF4B-00C04F79EFBC}") = "WindowsClients.DesktopUI", "WindowsClients.DesktopUI\WindowsClients.DesktopUI.csproj", "{C430858C-ADB4-41A2-B08F-5C77EB9DFB16}"
EndProject
Project("{FAE04EC0-301F-11D3-BF4B-00C04F79EFBC}") = "WindowsClients.ConsoleUI", "WindowsClients.ConsoleUI\WindowsClients.ConsoleUI.csproj", "{C6084E87-1FCB-48A9-91C1-46CA5E46D525}"
EndProject
Project("{00D1A9C2-B5F0-4AF3-8072-F6C62B433612}") = "ChatterAppDb", "ChatterAppDb\ChatterAppDb.sqlproj", "{DB60138D-6528-4902-89FD-F810321559B8}"
EndProject
Project("{FAE04EC0-301F-11D3-BF4B-00C04F79EFBC}") = "Testing.Server.DataAccess", "Testing.Server.DataAccess\Testing.Server.DataAccess.csproj", "{C09F71D6-C4C0-48D6-87A6-69DE757F2F35}"
EndProject
Project("{FAE04EC0-301F-11D3-BF4B-00C04F79EFBC}") = "Server.TcpServices", "Server.TcpServices\Server.TcpServices.csproj", "{08C10B0F-5220-467A-A875-899C561823BB}"
EndProject
Project("{FAE04EC0-301F-11D3-BF4B-00C04F79EFBC}") = "Server.WcfServices", "Server.WcfServices\Server.WcfServices.csproj", "{BD4AF056-89B1-489C-94C9-9F7A0E2A7E5A}"
EndProject
Project("{FAE04EC0-301F-11D3-BF4B-00C04F79EFBC}") = "Server", "Server\Server.csproj", "{03B49F08-1B5E-4F37-AE7A-0A12A83D6932}"
EndProject
Project("{FAE04EC0-301F-11D3-BF4B-00C04F79EFBC}") = "WindowsClients.Controller", "WindowsClients.Controller\WindowsClients.Controller.csproj", "{8A46EB93-6E04-41A3-BC36-9A954C8EA311}"
EndProject
Project("{FAE04EC0-301F-11D3-BF4B-00C04F79EFBC}") = "Shared.Networking", "Shared.Networking\Shared.Networking.csproj", "{44525829-14DA-4C79-83A6-A81D455FB8F7}"
EndProject
Project("{FAE04EC0-301F-11D3-BF4B-00C04F79EFBC}") = "Testing.Server.TcpServices", "Testing.Server.TcpServices\Testing.Server.TcpServices.csproj", "{9E68E40D-C7B2-48C1-B0ED-4C9BEAC69FE8}"
EndProject
Project("{FAE04EC0-301F-11D3-BF4B-00C04F79EFBC}") = "Testing.Server.WcfServices", "Testing.Server.WcfServices\Testing.Server.WcfServices.csproj", "{A8A5C406-843D-4311-9DA6-9531CA31AC55}"
EndProject
Project("{FAE04EC0-301F-11D3-BF4B-00C04F79EFBC}") = "Testing.Shared.Entities", "Testing.Shared.Entities\Testing.Shared.Entities.csproj", "{7F1EE470-7B5B-42FD-BC74-323FE5EDF4CA}"
EndProject
Project("{FAE04EC0-301F-11D3-BF4B-00C04F79EFBC}") = "Testing.Shared.Networking", "Testing.Shared.Networking\Testing.Shared.Networking.csproj", "{0479AAD0-2A88-4699-B3ED-84B434F7B0FE}"
EndProject
Project("{FAE04EC0-301F-11D3-BF4B-00C04F79EFBC}") = "Testing.WindowsClient.Controller", "Testing.WindowsClient.Controller\Testing.WindowsClient.Controller.csproj", "{44903326-CBC5-4DC1-A84F-D19820A6D5CD}"
EndProject
Project("{FAE04EC0-301F-11D3-BF4B-00C04F79EFBC}") = "Testing.WindowsClient.ConsoleUI", "Testing.WindowsClient.ConsoleUI\Testing.WindowsClient.ConsoleUI.csproj", "{B0BE2FC8-6768-49BF-92D3-2952655319B0}"
EndProject
Project("{2150E333-8FDC-42A3-9474-1A3956D46DE8}") = "BrowserClients", "BrowserClients", "{5A1D3DCA-09CA-42A3-98BE-B62704AAA19F}"
EndProject
Project("{FAE04EC0-301F-11D3-BF4B-00C04F79EFBC}") = "BrowserClients.AspNetWebApp", "BrowserClients.AspNetWebApp\BrowserClients.AspNetWebApp.csproj", "{145F5824-B946-4C04-BC5C-FBADD0954F58}"
EndProject
Project("{FAE04EC0-301F-11D3-BF4B-00C04F79EFBC}") = "Testing.BrowserClients.AspNetWebApp", "Testing.BrowserClients.AspNetWebApp\Testing.BrowserClients.AspNetWebApp.csproj", "{27052C0E-6BF6-4C31-83F2-6D2F831BA695}"
EndProject
Project("{FAE04EC0-301F-11D3-BF4B-00C04F79EFBC}") = "Testing.Server", "Testing.Server\Testing.Server.csproj", "{2F4EA964-25DB-4DF9-8C68-8514C31110C1}"
EndProject
Global
	GlobalSection(SolutionConfigurationPlatforms) = preSolution
		Debug|Any CPU = Debug|Any CPU
		Release|Any CPU = Release|Any CPU
	EndGlobalSection
	GlobalSection(ProjectConfigurationPlatforms) = postSolution
		{591D93CA-20E6-4900-8DC8-8618A73AD708}.Debug|Any CPU.ActiveCfg = Debug|Any CPU
		{591D93CA-20E6-4900-8DC8-8618A73AD708}.Debug|Any CPU.Build.0 = Debug|Any CPU
		{591D93CA-20E6-4900-8DC8-8618A73AD708}.Release|Any CPU.ActiveCfg = Release|Any CPU
		{591D93CA-20E6-4900-8DC8-8618A73AD708}.Release|Any CPU.Build.0 = Release|Any CPU
		{E514402A-DD68-4A4F-91E2-FE141F110B07}.Debug|Any CPU.ActiveCfg = Debug|Any CPU
		{E514402A-DD68-4A4F-91E2-FE141F110B07}.Debug|Any CPU.Build.0 = Debug|Any CPU
		{E514402A-DD68-4A4F-91E2-FE141F110B07}.Release|Any CPU.ActiveCfg = Release|Any CPU
		{E514402A-DD68-4A4F-91E2-FE141F110B07}.Release|Any CPU.Build.0 = Release|Any CPU
		{C430858C-ADB4-41A2-B08F-5C77EB9DFB16}.Debug|Any CPU.ActiveCfg = Debug|Any CPU
		{C430858C-ADB4-41A2-B08F-5C77EB9DFB16}.Debug|Any CPU.Build.0 = Debug|Any CPU
		{C430858C-ADB4-41A2-B08F-5C77EB9DFB16}.Release|Any CPU.ActiveCfg = Release|Any CPU
		{C430858C-ADB4-41A2-B08F-5C77EB9DFB16}.Release|Any CPU.Build.0 = Release|Any CPU
		{C6084E87-1FCB-48A9-91C1-46CA5E46D525}.Debug|Any CPU.ActiveCfg = Debug|Any CPU
		{C6084E87-1FCB-48A9-91C1-46CA5E46D525}.Debug|Any CPU.Build.0 = Debug|Any CPU
		{C6084E87-1FCB-48A9-91C1-46CA5E46D525}.Release|Any CPU.ActiveCfg = Release|Any CPU
		{C6084E87-1FCB-48A9-91C1-46CA5E46D525}.Release|Any CPU.Build.0 = Release|Any CPU
		{DB60138D-6528-4902-89FD-F810321559B8}.Debug|Any CPU.ActiveCfg = Debug|Any CPU
		{DB60138D-6528-4902-89FD-F810321559B8}.Debug|Any CPU.Build.0 = Debug|Any CPU
		{DB60138D-6528-4902-89FD-F810321559B8}.Debug|Any CPU.Deploy.0 = Debug|Any CPU
		{DB60138D-6528-4902-89FD-F810321559B8}.Release|Any CPU.ActiveCfg = Release|Any CPU
		{DB60138D-6528-4902-89FD-F810321559B8}.Release|Any CPU.Build.0 = Release|Any CPU
		{DB60138D-6528-4902-89FD-F810321559B8}.Release|Any CPU.Deploy.0 = Release|Any CPU
		{C09F71D6-C4C0-48D6-87A6-69DE757F2F35}.Debug|Any CPU.ActiveCfg = Debug|Any CPU
		{C09F71D6-C4C0-48D6-87A6-69DE757F2F35}.Debug|Any CPU.Build.0 = Debug|Any CPU
		{C09F71D6-C4C0-48D6-87A6-69DE757F2F35}.Release|Any CPU.ActiveCfg = Release|Any CPU
		{C09F71D6-C4C0-48D6-87A6-69DE757F2F35}.Release|Any CPU.Build.0 = Release|Any CPU
		{08C10B0F-5220-467A-A875-899C561823BB}.Debug|Any CPU.ActiveCfg = Debug|Any CPU
		{08C10B0F-5220-467A-A875-899C561823BB}.Debug|Any CPU.Build.0 = Debug|Any CPU
		{08C10B0F-5220-467A-A875-899C561823BB}.Release|Any CPU.ActiveCfg = Release|Any CPU
		{08C10B0F-5220-467A-A875-899C561823BB}.Release|Any CPU.Build.0 = Release|Any CPU
		{BD4AF056-89B1-489C-94C9-9F7A0E2A7E5A}.Debug|Any CPU.ActiveCfg = Debug|Any CPU
		{BD4AF056-89B1-489C-94C9-9F7A0E2A7E5A}.Debug|Any CPU.Build.0 = Debug|Any CPU
		{BD4AF056-89B1-489C-94C9-9F7A0E2A7E5A}.Release|Any CPU.ActiveCfg = Release|Any CPU
		{BD4AF056-89B1-489C-94C9-9F7A0E2A7E5A}.Release|Any CPU.Build.0 = Release|Any CPU
		{03B49F08-1B5E-4F37-AE7A-0A12A83D6932}.Debug|Any CPU.ActiveCfg = Debug|Any CPU
		{03B49F08-1B5E-4F37-AE7A-0A12A83D6932}.Debug|Any CPU.Build.0 = Debug|Any CPU
		{03B49F08-1B5E-4F37-AE7A-0A12A83D6932}.Release|Any CPU.ActiveCfg = Release|Any CPU
		{03B49F08-1B5E-4F37-AE7A-0A12A83D6932}.Release|Any CPU.Build.0 = Release|Any CPU
		{8A46EB93-6E04-41A3-BC36-9A954C8EA311}.Debug|Any CPU.ActiveCfg = Debug|Any CPU
		{8A46EB93-6E04-41A3-BC36-9A954C8EA311}.Debug|Any CPU.Build.0 = Debug|Any CPU
		{8A46EB93-6E04-41A3-BC36-9A954C8EA311}.Release|Any CPU.ActiveCfg = Release|Any CPU
		{8A46EB93-6E04-41A3-BC36-9A954C8EA311}.Release|Any CPU.Build.0 = Release|Any CPU
		{44525829-14DA-4C79-83A6-A81D455FB8F7}.Debug|Any CPU.ActiveCfg = Debug|Any CPU
		{44525829-14DA-4C79-83A6-A81D455FB8F7}.Debug|Any CPU.Build.0 = Debug|Any CPU
		{44525829-14DA-4C79-83A6-A81D455FB8F7}.Release|Any CPU.ActiveCfg = Release|Any CPU
		{44525829-14DA-4C79-83A6-A81D455FB8F7}.Release|Any CPU.Build.0 = Release|Any CPU
		{9E68E40D-C7B2-48C1-B0ED-4C9BEAC69FE8}.Debug|Any CPU.ActiveCfg = Debug|Any CPU
		{9E68E40D-C7B2-48C1-B0ED-4C9BEAC69FE8}.Debug|Any CPU.Build.0 = Debug|Any CPU
		{9E68E40D-C7B2-48C1-B0ED-4C9BEAC69FE8}.Release|Any CPU.ActiveCfg = Release|Any CPU
		{9E68E40D-C7B2-48C1-B0ED-4C9BEAC69FE8}.Release|Any CPU.Build.0 = Release|Any CPU
		{A8A5C406-843D-4311-9DA6-9531CA31AC55}.Debug|Any CPU.ActiveCfg = Debug|Any CPU
		{A8A5C406-843D-4311-9DA6-9531CA31AC55}.Debug|Any CPU.Build.0 = Debug|Any CPU
		{A8A5C406-843D-4311-9DA6-9531CA31AC55}.Release|Any CPU.ActiveCfg = Release|Any CPU
		{A8A5C406-843D-4311-9DA6-9531CA31AC55}.Release|Any CPU.Build.0 = Release|Any CPU
		{7F1EE470-7B5B-42FD-BC74-323FE5EDF4CA}.Debug|Any CPU.ActiveCfg = Debug|Any CPU
		{7F1EE470-7B5B-42FD-BC74-323FE5EDF4CA}.Debug|Any CPU.Build.0 = Debug|Any CPU
		{7F1EE470-7B5B-42FD-BC74-323FE5EDF4CA}.Release|Any CPU.ActiveCfg = Release|Any CPU
		{7F1EE470-7B5B-42FD-BC74-323FE5EDF4CA}.Release|Any CPU.Build.0 = Release|Any CPU
		{0479AAD0-2A88-4699-B3ED-84B434F7B0FE}.Debug|Any CPU.ActiveCfg = Debug|Any CPU
		{0479AAD0-2A88-4699-B3ED-84B434F7B0FE}.Debug|Any CPU.Build.0 = Debug|Any CPU
		{0479AAD0-2A88-4699-B3ED-84B434F7B0FE}.Release|Any CPU.ActiveCfg = Release|Any CPU
		{0479AAD0-2A88-4699-B3ED-84B434F7B0FE}.Release|Any CPU.Build.0 = Release|Any CPU
		{44903326-CBC5-4DC1-A84F-D19820A6D5CD}.Debug|Any CPU.ActiveCfg = Debug|Any CPU
		{44903326-CBC5-4DC1-A84F-D19820A6D5CD}.Debug|Any CPU.Build.0 = Debug|Any CPU
		{44903326-CBC5-4DC1-A84F-D19820A6D5CD}.Release|Any CPU.ActiveCfg = Release|Any CPU
		{44903326-CBC5-4DC1-A84F-D19820A6D5CD}.Release|Any CPU.Build.0 = Release|Any CPU
		{B0BE2FC8-6768-49BF-92D3-2952655319B0}.Debug|Any CPU.ActiveCfg = Debug|Any CPU
		{B0BE2FC8-6768-49BF-92D3-2952655319B0}.Debug|Any CPU.Build.0 = Debug|Any CPU
		{B0BE2FC8-6768-49BF-92D3-2952655319B0}.Release|Any CPU.ActiveCfg = Release|Any CPU
		{B0BE2FC8-6768-49BF-92D3-2952655319B0}.Release|Any CPU.Build.0 = Release|Any CPU
		{145F5824-B946-4C04-BC5C-FBADD0954F58}.Debug|Any CPU.ActiveCfg = Debug|Any CPU
		{145F5824-B946-4C04-BC5C-FBADD0954F58}.Debug|Any CPU.Build.0 = Debug|Any CPU
		{145F5824-B946-4C04-BC5C-FBADD0954F58}.Release|Any CPU.ActiveCfg = Release|Any CPU
		{145F5824-B946-4C04-BC5C-FBADD0954F58}.Release|Any CPU.Build.0 = Release|Any CPU
		{27052C0E-6BF6-4C31-83F2-6D2F831BA695}.Debug|Any CPU.ActiveCfg = Debug|Any CPU
		{27052C0E-6BF6-4C31-83F2-6D2F831BA695}.Debug|Any CPU.Build.0 = Debug|Any CPU
		{27052C0E-6BF6-4C31-83F2-6D2F831BA695}.Release|Any CPU.ActiveCfg = Release|Any CPU
		{27052C0E-6BF6-4C31-83F2-6D2F831BA695}.Release|Any CPU.Build.0 = Release|Any CPU
		{2F4EA964-25DB-4DF9-8C68-8514C31110C1}.Debug|Any CPU.ActiveCfg = Debug|Any CPU
		{2F4EA964-25DB-4DF9-8C68-8514C31110C1}.Debug|Any CPU.Build.0 = Debug|Any CPU
		{2F4EA964-25DB-4DF9-8C68-8514C31110C1}.Release|Any CPU.ActiveCfg = Release|Any CPU
		{2F4EA964-25DB-4DF9-8C68-8514C31110C1}.Release|Any CPU.Build.0 = Release|Any CPU
	EndGlobalSection
	GlobalSection(SolutionProperties) = preSolution
		HideSolutionNode = FALSE
	EndGlobalSection
	GlobalSection(NestedProjects) = preSolution
		{591D93CA-20E6-4900-8DC8-8618A73AD708} = {0D96988D-EC84-42EA-BAEA-6CBDC2402C16}
		{E514402A-DD68-4A4F-91E2-FE141F110B07} = {3AC530C4-9CEA-400F-AB85-364B6DD21D6F}
		{C430858C-ADB4-41A2-B08F-5C77EB9DFB16} = {EF100C9F-4E84-401F-90A1-F382D764EC61}
		{C6084E87-1FCB-48A9-91C1-46CA5E46D525} = {EF100C9F-4E84-401F-90A1-F382D764EC61}
		{DB60138D-6528-4902-89FD-F810321559B8} = {0D96988D-EC84-42EA-BAEA-6CBDC2402C16}
		{C09F71D6-C4C0-48D6-87A6-69DE757F2F35} = {95FF1468-9D3C-4E10-A713-B495B4797D18}
		{08C10B0F-5220-467A-A875-899C561823BB} = {0D96988D-EC84-42EA-BAEA-6CBDC2402C16}
		{BD4AF056-89B1-489C-94C9-9F7A0E2A7E5A} = {0D96988D-EC84-42EA-BAEA-6CBDC2402C16}
		{03B49F08-1B5E-4F37-AE7A-0A12A83D6932} = {0D96988D-EC84-42EA-BAEA-6CBDC2402C16}
		{8A46EB93-6E04-41A3-BC36-9A954C8EA311} = {EF100C9F-4E84-401F-90A1-F382D764EC61}
		{44525829-14DA-4C79-83A6-A81D455FB8F7} = {3AC530C4-9CEA-400F-AB85-364B6DD21D6F}
		{9E68E40D-C7B2-48C1-B0ED-4C9BEAC69FE8} = {95FF1468-9D3C-4E10-A713-B495B4797D18}
		{A8A5C406-843D-4311-9DA6-9531CA31AC55} = {95FF1468-9D3C-4E10-A713-B495B4797D18}
		{7F1EE470-7B5B-42FD-BC74-323FE5EDF4CA} = {95FF1468-9D3C-4E10-A713-B495B4797D18}
		{0479AAD0-2A88-4699-B3ED-84B434F7B0FE} = {95FF1468-9D3C-4E10-A713-B495B4797D18}
		{44903326-CBC5-4DC1-A84F-D19820A6D5CD} = {95FF1468-9D3C-4E10-A713-B495B4797D18}
		{B0BE2FC8-6768-49BF-92D3-2952655319B0} = {95FF1468-9D3C-4E10-A713-B495B4797D18}
		{145F5824-B946-4C04-BC5C-FBADD0954F58} = {5A1D3DCA-09CA-42A3-98BE-B62704AAA19F}
		{27052C0E-6BF6-4C31-83F2-6D2F831BA695} = {95FF1468-9D3C-4E10-A713-B495B4797D18}
		{2F4EA964-25DB-4DF9-8C68-8514C31110C1} = {95FF1468-9D3C-4E10-A713-B495B4797D18}
	EndGlobalSection
EndGlobal
